
Microsoft Visual Studio Solution File, Format Version 12.00
# Visual Studio 15
VisualStudioVersion = 15.0.28307.329
MinimumVisualStudioVersion = 10.0.40219.1
Project("{9A19103F-16F7-4668-BE54-9A1E7A4F7556}") = "LambdaAlexa", "LambdaAlexa\LambdaAlexa.csproj", "{812B482E-6335-4F09-881B-B922C9998128}"
EndProject
Global
	GlobalSection(SolutionConfigurationPlatforms) = preSolution
		Debug|Any CPU = Debug|Any CPU
		Release|Any CPU = Release|Any CPU
	EndGlobalSection
	GlobalSection(ProjectConfigurationPlatforms) = postSolution
		{812B482E-6335-4F09-881B-B922C9998128}.Debug|Any CPU.ActiveCfg = Debug|Any CPU
		{812B482E-6335-4F09-881B-B922C9998128}.Debug|Any CPU.Build.0 = Debug|Any CPU
		{812B482E-6335-4F09-881B-B922C9998128}.Release|Any CPU.ActiveCfg = Release|Any CPU
		{812B482E-6335-4F09-881B-B922C9998128}.Release|Any CPU.Build.0 = Release|Any CPU
	EndGlobalSection
	GlobalSection(SolutionProperties) = preSolution
		HideSolutionNode = FALSE
	EndGlobalSection
	GlobalSection(ExtensibilityGlobals) = postSolution
		SolutionGuid = {1F8FFEF5-06F0-4835-9B10-86BFD127A757}
	EndGlobalSection
EndGlobal
